
Microsoft Visual Studio Solution File, Format Version 12.00
# Visual Studio Version 16
VisualStudioVersion = 16.0.31112.23
MinimumVisualStudioVersion = 10.0.40219.1
Project("{9A19103F-16F7-4668-BE54-9A1E7A4F7556}") = "{{cookiecutter.package_name}}", "src\{{cookiecutter.package_name}}\{{cookiecutter.package_name}}.csproj", "{500842B7-821C-4182-9421-D0C49E12DD8C}"
EndProject
Project("{FAE04EC0-301F-11D3-BF4B-00C04F79EFBC}") = "{{cookiecutter.package_name}}.Tests", "tests\{{cookiecutter.package_name}}.Tests\{{cookiecutter.package_name}}.Tests.csproj", "{417D55C1-F12C-49FA-8D14-A8E222D1187F}"
EndProject
Project("{2150E333-8FDC-42A3-9474-1A3956D46DE8}") = "Solution Items", "Solution Items", "{FA68FCFA-4415-405F-A3D8-99369C9C156E}"
	ProjectSection(SolutionItems) = preProject
		.editorconfig = .editorconfig
		README.md = README.md
	EndProjectSection
EndProject
Global
	GlobalSection(SolutionConfigurationPlatforms) = preSolution
		Debug|Any CPU = Debug|Any CPU
		Release|Any CPU = Release|Any CPU
	EndGlobalSection
	GlobalSection(ProjectConfigurationPlatforms) = postSolution
		{500842B7-821C-4182-9421-D0C49E12DD8C}.Debug|Any CPU.ActiveCfg = Debug|Any CPU
		{500842B7-821C-4182-9421-D0C49E12DD8C}.Debug|Any CPU.Build.0 = Debug|Any CPU
		{500842B7-821C-4182-9421-D0C49E12DD8C}.Release|Any CPU.ActiveCfg = Release|Any CPU
		{500842B7-821C-4182-9421-D0C49E12DD8C}.Release|Any CPU.Build.0 = Release|Any CPU
		{417D55C1-F12C-49FA-8D14-A8E222D1187F}.Debug|Any CPU.ActiveCfg = Debug|Any CPU
		{417D55C1-F12C-49FA-8D14-A8E222D1187F}.Debug|Any CPU.Build.0 = Debug|Any CPU
		{417D55C1-F12C-49FA-8D14-A8E222D1187F}.Release|Any CPU.ActiveCfg = Release|Any CPU
		{417D55C1-F12C-49FA-8D14-A8E222D1187F}.Release|Any CPU.Build.0 = Release|Any CPU
	EndGlobalSection
	GlobalSection(SolutionProperties) = preSolution
		HideSolutionNode = FALSE
	EndGlobalSection
	GlobalSection(ExtensibilityGlobals) = postSolution
		SolutionGuid = {E2289E5B-CACD-4633-A317-613881819B9E}
	EndGlobalSection
EndGlobal
